
Microsoft Visual Studio Solution File, Format Version 12.00
# Visual Studio Version 17
VisualStudioVersion = 17.8.34330.188
MinimumVisualStudioVersion = 10.0.40219.1
Project("{FAE04EC0-301F-11D3-BF4B-00C04F79EFBC}") = "ExcelTabIt", "ExcelTabIt\ExcelTabIt.csproj", "{010220F8-776D-4A81-801C-D6741747E0F7}"
EndProject
Global
	GlobalSection(SolutionConfigurationPlatforms) = preSolution
		Debug|Any CPU = Debug|Any CPU
		Release|Any CPU = Release|Any CPU
	EndGlobalSection
	GlobalSection(ProjectConfigurationPlatforms) = postSolution
		{010220F8-776D-4A81-801C-D6741747E0F7}.Debug|Any CPU.ActiveCfg = Debug|Any CPU
		{010220F8-776D-4A81-801C-D6741747E0F7}.Debug|Any CPU.Build.0 = Debug|Any CPU
		{010220F8-776D-4A81-801C-D6741747E0F7}.Release|Any CPU.ActiveCfg = Release|Any CPU
		{010220F8-776D-4A81-801C-D6741747E0F7}.Release|Any CPU.Build.0 = Release|Any CPU
	EndGlobalSection
	GlobalSection(SolutionProperties) = preSolution
		HideSolutionNode = FALSE
	EndGlobalSection
	GlobalSection(ExtensibilityGlobals) = postSolution
		SolutionGuid = {DE93F20D-72BC-4A96-B688-53BA0A1676EF}
	EndGlobalSection
EndGlobal
